
Microsoft Visual Studio Solution File, Format Version 12.00
# Visual Studio Version 17
VisualStudioVersion = 17.2.32602.215
MinimumVisualStudioVersion = 10.0.40219.1
Project("{9A19103F-16F7-4668-BE54-9A1E7A4F7556}") = "EnglishMaster", "EnglishMaster\EnglishMaster.csproj", "{A2458B2B-09E3-441B-ACDD-36A92D1B0838}"
EndProject
Global
	GlobalSection(SolutionConfigurationPlatforms) = preSolution
		Debug|Any CPU = Debug|Any CPU
		Release|Any CPU = Release|Any CPU
	EndGlobalSection
	GlobalSection(ProjectConfigurationPlatforms) = postSolution
		{A2458B2B-09E3-441B-ACDD-36A92D1B0838}.Debug|Any CPU.ActiveCfg = Debug|Any CPU
		{A2458B2B-09E3-441B-ACDD-36A92D1B0838}.Debug|Any CPU.Build.0 = Debug|Any CPU
		{A2458B2B-09E3-441B-ACDD-36A92D1B0838}.Release|Any CPU.ActiveCfg = Release|Any CPU
		{A2458B2B-09E3-441B-ACDD-36A92D1B0838}.Release|Any CPU.Build.0 = Release|Any CPU
	EndGlobalSection
	GlobalSection(SolutionProperties) = preSolution
		HideSolutionNode = FALSE
	EndGlobalSection
	GlobalSection(ExtensibilityGlobals) = postSolution
		SolutionGuid = {A47F6092-280C-4FFB-9B0F-F7EF1A77A8ED}
	EndGlobalSection
EndGlobal
